
Microsoft Visual Studio Solution File, Format Version 12.00
# Visual Studio 15
VisualStudioVersion = 15.0.27703.2042
MinimumVisualStudioVersion = 10.0.40219.1
Project("{8BC9CEB8-8B4A-11D0-8D11-00A0C91BC942}") = "SFML_test", "SFML_test\SFML_test.vcxproj", "{EFD69677-4B6E-4489-B86F-ECDB71F123BF}"
EndProject
Global
	GlobalSection(SolutionConfigurationPlatforms) = preSolution
		Debug|x64 = Debug|x64
		Debug|x86 = Debug|x86
		Release|x64 = Release|x64
		Release|x86 = Release|x86
	EndGlobalSection
	GlobalSection(ProjectConfigurationPlatforms) = postSolution
		{EFD69677-4B6E-4489-B86F-ECDB71F123BF}.Debug|x64.ActiveCfg = Debug|x64
		{EFD69677-4B6E-4489-B86F-ECDB71F123BF}.Debug|x64.Build.0 = Debug|x64
		{EFD69677-4B6E-4489-B86F-ECDB71F123BF}.Debug|x86.ActiveCfg = Debug|Win32
		{EFD69677-4B6E-4489-B86F-ECDB71F123BF}.Debug|x86.Build.0 = Debug|Win32
		{EFD69677-4B6E-4489-B86F-ECDB71F123BF}.Release|x64.ActiveCfg = Release|x64
		{EFD69677-4B6E-4489-B86F-ECDB71F123BF}.Release|x64.Build.0 = Release|x64
		{EFD69677-4B6E-4489-B86F-ECDB71F123BF}.Release|x86.ActiveCfg = Release|Win32
		{EFD69677-4B6E-4489-B86F-ECDB71F123BF}.Release|x86.Build.0 = Release|Win32
	EndGlobalSection
	GlobalSection(SolutionProperties) = preSolution
		HideSolutionNode = FALSE
	EndGlobalSection
	GlobalSection(ExtensibilityGlobals) = postSolution
		SolutionGuid = {D4554ADB-B558-435C-BC04-5BBBF7A2836F}
	EndGlobalSection
EndGlobal
